// !$*UTF8*$!
{
	archiveVersion = 1;
	classes = {
	};
	objectVersion = 77;
	objects = {

/* Begin PBXContainerItemProxy section */
		2B04DD362DB67DEE00A7D982 /* PBXContainerItemProxy */ = {
			isa = PBXContainerItemProxy;
			containerPortal = 2B04DD1F2DB67DED00A7D982 /* Project object */;
			proxyType = 1;
			remoteGlobalIDString = 2B04DD262DB67DED00A7D982;
			remoteInfo = "dashboard-gastos-pessoais-swiftui";
		};
		2B04DD402DB67DEE00A7D982 /* PBXContainerItemProxy */ = {
			isa = PBXContainerItemProxy;
			containerPortal = 2B04DD1F2DB67DED00A7D982 /* Project object */;
			proxyType = 1;
			remoteGlobalIDString = 2B04DD262DB67DED00A7D982;
			remoteInfo = "dashboard-gastos-pessoais-swiftui";
		};
/* End PBXContainerItemProxy section */

/* Begin PBXFileReference section */
		2B04DD272DB67DED00A7D982 /* dashboard-gastos-pessoais-swiftui.app */ = {isa = PBXFileReference; explicitFileType = wrapper.application; includeInIndex = 0; path = "dashboard-gastos-pessoais-swiftui.app"; sourceTree = BUILT_PRODUCTS_DIR; };
		2B04DD352DB67DEE00A7D982 /* dashboard-gastos-pessoais-swiftuiTests.xctest */ = {isa = PBXFileReference; explicitFileType = wrapper.cfbundle; includeInIndex = 0; path = "dashboard-gastos-pessoais-swiftuiTests.xctest"; sourceTree = BUILT_PRODUCTS_DIR; };
		2B04DD3F2DB67DEE00A7D982 /* dashboard-gastos-pessoais-swiftuiUITests.xctest */ = {isa = PBXFileReference; explicitFileType = wrapper.cfbundle; includeInIndex = 0; path = "dashboard-gastos-pessoais-swiftuiUITests.xctest"; sourceTree = BUILT_PRODUCTS_DIR; };
/* End PBXFileReference section */

/* Begin PBXFileSystemSynchronizedRootGroup section */
		2B04DD292DB67DED00A7D982 /* dashboard-gastos-pessoais-swiftui */ = {
			isa = PBXFileSystemSynchronizedRootGroup;
			path = "dashboard-gastos-pessoais-swiftui";
			sourceTree = "<group>";
		};
		2B04DD382DB67DEE00A7D982 /* dashboard-gastos-pessoais-swiftuiTests */ = {
			isa = PBXFileSystemSynchronizedRootGroup;
			path = "dashboard-gastos-pessoais-swiftuiTests";
			sourceTree = "<group>";
		};
		2B04DD422DB67DEE00A7D982 /* dashboard-gastos-pessoais-swiftuiUITests */ = {
			isa = PBXFileSystemSynchronizedRootGroup;
			path = "dashboard-gastos-pessoais-swiftuiUITests";
			sourceTree = "<group>";
		};
/* End PBXFileSystemSynchronizedRootGroup section */

/* Begin PBXFrameworksBuildPhase section */
		2B04DD242DB67DED00A7D982 /* Frameworks */ = {
			isa = PBXFrameworksBuildPhase;
			buildActionMask = 2147483647;
			files = (
			);
			runOnlyForDeploymentPostprocessing = 0;
		};
		2B04DD322DB67DEE00A7D982 /* Frameworks */ = {
			isa = PBXFrameworksBuildPhase;
			buildActionMask = 2147483647;
			files = (
			);
			runOnlyForDeploymentPostprocessing = 0;
		};
		2B04DD3C2DB67DEE00A7D982 /* Frameworks */ = {
			isa = PBXFrameworksBuildPhase;
			buildActionMask = 2147483647;
			files = (
			);
			runOnlyForDeploymentPostprocessing = 0;
		};
/* End PBXFrameworksBuildPhase section */

/* Begin PBXGroup section */
		2B04DD1E2DB67DED00A7D982 = {
			isa = PBXGroup;
			children = (
				2B04DD292DB67DED00A7D982 /* dashboard-gastos-pessoais-swiftui */,
				2B04DD382DB67DEE00A7D982 /* dashboard-gastos-pessoais-swiftuiTests */,
				2B04DD422DB67DEE00A7D982 /* dashboard-gastos-pessoais-swiftuiUITests */,
				2B04DD282DB67DED00A7D982 /* Products */,
			);
			sourceTree = "<group>";
		};
		2B04DD282DB67DED00A7D982 /* Products */ = {
			isa = PBXGroup;
			children = (
				2B04DD272DB67DED00A7D982 /* dashboard-gastos-pessoais-swiftui.app */,
				2B04DD352DB67DEE00A7D982 /* dashboard-gastos-pessoais-swiftuiTests.xctest */,
				2B04DD3F2DB67DEE00A7D982 /* dashboard-gastos-pessoais-swiftuiUITests.xctest */,
			);
			name = Products;
			sourceTree = "<group>";
		};
/* End PBXGroup section */

/* Begin PBXNativeTarget section */
		2B04DD262DB67DED00A7D982 /* dashboard-gastos-pessoais-swiftui */ = {
			isa = PBXNativeTarget;
			buildConfigurationList = 2B04DD492DB67DEE00A7D982 /* Build configuration list for PBXNativeTarget "dashboard-gastos-pessoais-swiftui" */;
			buildPhases = (
				2B04DD232DB67DED00A7D982 /* Sources */,
				2B04DD242DB67DED00A7D982 /* Frameworks */,
				2B04DD252DB67DED00A7D982 /* Resources */,
			);
			buildRules = (
			);
			dependencies = (
			);
			fileSystemSynchronizedGroups = (
				2B04DD292DB67DED00A7D982 /* dashboard-gastos-pessoais-swiftui */,
			);
			name = "dashboard-gastos-pessoais-swiftui";
			packageProductDependencies = (
			);
			productName = "dashboard-gastos-pessoais-swiftui";
			productReference = 2B04DD272DB67DED00A7D982 /* dashboard-gastos-pessoais-swiftui.app */;
			productType = "com.apple.product-type.application";
		};
		2B04DD342DB67DEE00A7D982 /* dashboard-gastos-pessoais-swiftuiTests */ = {
			isa = PBXNativeTarget;
			buildConfigurationList = 2B04DD4C2DB67DEE00A7D982 /* Build configuration list for PBXNativeTarget "dashboard-gastos-pessoais-swiftuiTests" */;
			buildPhases = (
				2B04DD312DB67DEE00A7D982 /* Sources */,
				2B04DD322DB67DEE00A7D982 /* Frameworks */,
				2B04DD332DB67DEE00A7D982 /* Resources */,
			);
			buildRules = (
			);
			dependencies = (
				2B04DD372DB67DEE00A7D982 /* PBXTargetDependency */,
			);
			fileSystemSynchronizedGroups = (
				2B04DD382DB67DEE00A7D982 /* dashboard-gastos-pessoais-swiftuiTests */,
			);
			name = "dashboard-gastos-pessoais-swiftuiTests";
			packageProductDependencies = (
			);
			productName = "dashboard-gastos-pessoais-swiftuiTests";
			productReference = 2B04DD352DB67DEE00A7D982 /* dashboard-gastos-pessoais-swiftuiTests.xctest */;
			productType = "com.apple.product-type.bundle.unit-test";
		};
		2B04DD3E2DB67DEE00A7D982 /* dashboard-gastos-pessoais-swiftuiUITests */ = {
			isa = PBXNativeTarget;
			buildConfigurationList = 2B04DD4F2DB67DEE00A7D982 /* Build configuration list for PBXNativeTarget "dashboard-gastos-pessoais-swiftuiUITests" */;
			buildPhases = (
				2B04DD3B2DB67DEE00A7D982 /* Sources */,
				2B04DD3C2DB67DEE00A7D982 /* Frameworks */,
				2B04DD3D2DB67DEE00A7D982 /* Resources */,
			);
			buildRules = (
			);
			dependencies = (
				2B04DD412DB67DEE00A7D982 /* PBXTargetDependency */,
			);
			fileSystemSynchronizedGroups = (
				2B04DD422DB67DEE00A7D982 /* dashboard-gastos-pessoais-swiftuiUITests */,
			);
			name = "dashboard-gastos-pessoais-swiftuiUITests";
			packageProductDependencies = (
			);
			productName = "dashboard-gastos-pessoais-swiftuiUITests";
			productReference = 2B04DD3F2DB67DEE00A7D982 /* dashboard-gastos-pessoais-swiftuiUITests.xctest */;
			productType = "com.apple.product-type.bundle.ui-testing";
		};
/* End PBXNativeTarget section */

/* Begin PBXProject section */
		2B04DD1F2DB67DED00A7D982 /* Project object */ = {
			isa = PBXProject;
			attributes = {
				BuildIndependentTargetsInParallel = 1;
				LastSwiftUpdateCheck = 1630;
				LastUpgradeCheck = 1630;
				TargetAttributes = {
					2B04DD262DB67DED00A7D982 = {
						CreatedOnToolsVersion = 16.3;
					};
					2B04DD342DB67DEE00A7D982 = {
						CreatedOnToolsVersion = 16.3;
						TestTargetID = 2B04DD262DB67DED00A7D982;
					};
					2B04DD3E2DB67DEE00A7D982 = {
						CreatedOnToolsVersion = 16.3;
						TestTargetID = 2B04DD262DB67DED00A7D982;
					};
				};
			};
			buildConfigurationList = 2B04DD222DB67DED00A7D982 /* Build configuration list for PBXProject "dashboard-gastos-pessoais-swiftui" */;
			developmentRegion = en;
			hasScannedForEncodings = 0;
			knownRegions = (
				en,
				Base,
			);
			mainGroup = 2B04DD1E2DB67DED00A7D982;
			minimizedProjectReferenceProxies = 1;
			preferredProjectObjectVersion = 77;
			productRefGroup = 2B04DD282DB67DED00A7D982 /* Products */;
			projectDirPath = "";
			projectRoot = "";
			targets = (
				2B04DD262DB67DED00A7D982 /* dashboard-gastos-pessoais-swiftui */,
				2B04DD342DB67DEE00A7D982 /* dashboard-gastos-pessoais-swiftuiTests */,
				2B04DD3E2DB67DEE00A7D982 /* dashboard-gastos-pessoais-swiftuiUITests */,
			);
		};
/* End PBXProject section */

/* Begin PBXResourcesBuildPhase section */
		2B04DD252DB67DED00A7D982 /* Resources */ = {
			isa = PBXResourcesBuildPhase;
			buildActionMask = 2147483647;
			files = (
			);
			runOnlyForDeploymentPostprocessing = 0;
		};
		2B04DD332DB67DEE00A7D982 /* Resources */ = {
			isa = PBXResourcesBuildPhase;
			buildActionMask = 2147483647;
			files = (
			);
			runOnlyForDeploymentPostprocessing = 0;
		};
		2B04DD3D2DB67DEE00A7D982 /* Resources */ = {
			isa = PBXResourcesBuildPhase;
			buildActionMask = 2147483647;
			files = (
			);
			runOnlyForDeploymentPostprocessing = 0;
		};
/* End PBXResourcesBuildPhase section */

/* Begin PBXSourcesBuildPhase section */
		2B04DD232DB67DED00A7D982 /* Sources */ = {
			isa = PBXSourcesBuildPhase;
			buildActionMask = 2147483647;
			files = (
			);
			runOnlyForDeploymentPostprocessing = 0;
		};
		2B04DD312DB67DEE00A7D982 /* Sources */ = {
			isa = PBXSourcesBuildPhase;
			buildActionMask = 2147483647;
			files = (
			);
			runOnlyForDeploymentPostprocessing = 0;
		};
		2B04DD3B2DB67DEE00A7D982 /* Sources */ = {
			isa = PBXSourcesBuildPhase;
			buildActionMask = 2147483647;
			files = (
			);
			runOnlyForDeploymentPostprocessing = 0;
		};
/* End PBXSourcesBuildPhase section */

/* Begin PBXTargetDependency section */
		2B04DD372DB67DEE00A7D982 /* PBXTargetDependency */ = {
			isa = PBXTargetDependency;
			target = 2B04DD262DB67DED00A7D982 /* dashboard-gastos-pessoais-swiftui */;
			targetProxy = 2B04DD362DB67DEE00A7D982 /* PBXContainerItemProxy */;
		};
		2B04DD412DB67DEE00A7D982 /* PBXTargetDependency */ = {
			isa = PBXTargetDependency;
			target = 2B04DD262DB67DED00A7D982 /* dashboard-gastos-pessoais-swiftui */;
			targetProxy = 2B04DD402DB67DEE00A7D982 /* PBXContainerItemProxy */;
		};
/* End PBXTargetDependency section */

/* Begin XCBuildConfiguration section */
		2B04DD472DB67DEE00A7D982 /* Debug */ = {
			isa = XCBuildConfiguration;
			buildSettings = {
				ALWAYS_SEARCH_USER_PATHS = NO;
				ASSETCATALOG_COMPILER_GENERATE_SWIFT_ASSET_SYMBOL_EXTENSIONS = YES;
				CLANG_ANALYZER_NONNULL = YES;
				CLANG_ANALYZER_NUMBER_OBJECT_CONVERSION = YES_AGGRESSIVE;
				CLANG_CXX_LANGUAGE_STANDARD = "gnu++20";
				CLANG_ENABLE_MODULES = YES;
				CLANG_ENABLE_OBJC_ARC = YES;
				CLANG_ENABLE_OBJC_WEAK = YES;
				CLANG_WARN_BLOCK_CAPTURE_AUTORELEASING = YES;
				CLANG_WARN_BOOL_CONVERSION = YES;
				CLANG_WARN_COMMA = YES;
				CLANG_WARN_CONSTANT_CONVERSION = YES;
				CLANG_WARN_DEPRECATED_OBJC_IMPLEMENTATIONS = YES;
				CLANG_WARN_DIRECT_OBJC_ISA_USAGE = YES_ERROR;
				CLANG_WARN_DOCUMENTATION_COMMENTS = YES;
				CLANG_WARN_EMPTY_BODY = YES;
				CLANG_WARN_ENUM_CONVERSION = YES;
				CLANG_WARN_INFINITE_RECURSION = YES;
				CLANG_WARN_INT_CONVERSION = YES;
				CLANG_WARN_NON_LITERAL_NULL_CONVERSION = YES;
				CLANG_WARN_OBJC_IMPLICIT_RETAIN_SELF = YES;
				CLANG_WARN_OBJC_LITERAL_CONVERSION = YES;
				CLANG_WARN_OBJC_ROOT_CLASS = YES_ERROR;
				CLANG_WARN_QUOTED_INCLUDE_IN_FRAMEWORK_HEADER = YES;
				CLANG_WARN_RANGE_LOOP_ANALYSIS = YES;
				CLANG_WARN_STRICT_PROTOTYPES = YES;
				CLANG_WARN_SUSPICIOUS_MOVE = YES;
				CLANG_WARN_UNGUARDED_AVAILABILITY = YES_AGGRESSIVE;
				CLANG_WARN_UNREACHABLE_CODE = YES;
				CLANG_WARN__DUPLICATE_METHOD_MATCH = YES;
				COPY_PHASE_STRIP = NO;
				DEBUG_INFORMATION_FORMAT = dwarf;
				DEVELOPMENT_TEAM = 8495DH2L73;
				ENABLE_STRICT_OBJC_MSGSEND = YES;
				ENABLE_TESTABILITY = YES;
				ENABLE_USER_SCRIPT_SANDBOXING = YES;
				GCC_C_LANGUAGE_STANDARD = gnu17;
				GCC_DYNAMIC_NO_PIC = NO;
				GCC_NO_COMMON_BLOCKS = YES;
				GCC_OPTIMIZATION_LEVEL = 0;
				GCC_PREPROCESSOR_DEFINITIONS = (
					"DEBUG=1",
					"$(inherited)",
				);
				GCC_WARN_64_TO_32_BIT_CONVERSION = YES;
				GCC_WARN_ABOUT_RETURN_TYPE = YES_ERROR;
				GCC_WARN_UNDECLARED_SELECTOR = YES;
				GCC_WARN_UNINITIALIZED_AUTOS = YES_AGGRESSIVE;
				GCC_WARN_UNUSED_FUNCTION = YES;
				GCC_WARN_UNUSED_VARIABLE = YES;
				LOCALIZATION_PREFERS_STRING_CATALOGS = YES;
				MTL_ENABLE_DEBUG_INFO = INCLUDE_SOURCE;
				MTL_FAST_MATH = YES;
				ONLY_ACTIVE_ARCH = YES;
				SWIFT_ACTIVE_COMPILATION_CONDITIONS = "DEBUG $(inherited)";
				SWIFT_OPTIMIZATION_LEVEL = "-Onone";
			};
			name = Debug;
		};
		2B04DD482DB67DEE00A7D982 /* Release */ = {
			isa = XCBuildConfiguration;
			buildSettings = {
				ALWAYS_SEARCH_USER_PATHS = NO;
				ASSETCATALOG_COMPILER_GENERATE_SWIFT_ASSET_SYMBOL_EXTENSIONS = YES;
				CLANG_ANALYZER_NONNULL = YES;
				CLANG_ANALYZER_NUMBER_OBJECT_CONVERSION = YES_AGGRESSIVE;
				CLANG_CXX_LANGUAGE_STANDARD = "gnu++20";
				CLANG_ENABLE_MODULES = YES;
				CLANG_ENABLE_OBJC_ARC = YES;
				CLANG_ENABLE_OBJC_WEAK = YES;
				CLANG_WARN_BLOCK_CAPTURE_AUTORELEASING = YES;
				CLANG_WARN_BOOL_CONVERSION = YES;
				CLANG_WARN_COMMA = YES;
				CLANG_WARN_CONSTANT_CONVERSION = YES;
				CLANG_WARN_DEPRECATED_OBJC_IMPLEMENTATIONS = YES;
				CLANG_WARN_DIRECT_OBJC_ISA_USAGE = YES_ERROR;
				CLANG_WARN_DOCUMENTATION_COMMENTS = YES;
				CLANG_WARN_EMPTY_BODY = YES;
				CLANG_WARN_ENUM_CONVERSION = YES;
				CLANG_WARN_INFINITE_RECURSION = YES;
				CLANG_WARN_INT_CONVERSION = YES;
				CLANG_WARN_NON_LITERAL_NULL_CONVERSION = YES;
				CLANG_WARN_OBJC_IMPLICIT_RETAIN_SELF = YES;
				CLANG_WARN_OBJC_LITERAL_CONVERSION = YES;
				CLANG_WARN_OBJC_ROOT_CLASS = YES_ERROR;
				CLANG_WARN_QUOTED_INCLUDE_IN_FRAMEWORK_HEADER = YES;
				CLANG_WARN_RANGE_LOOP_ANALYSIS = YES;
				CLANG_WARN_STRICT_PROTOTYPES = YES;
				CLANG_WARN_SUSPICIOUS_MOVE = YES;
				CLANG_WARN_UNGUARDED_AVAILABILITY = YES_AGGRESSIVE;
				CLANG_WARN_UNREACHABLE_CODE = YES;
				CLANG_WARN__DUPLICATE_METHOD_MATCH = YES;
				COPY_PHASE_STRIP = NO;
				DEBUG_INFORMATION_FORMAT = "dwarf-with-dsym";
				DEVELOPMENT_TEAM = 8495DH2L73;
				ENABLE_NS_ASSERTIONS = NO;
				ENABLE_STRICT_OBJC_MSGSEND = YES;
				ENABLE_USER_SCRIPT_SANDBOXING = YES;
				GCC_C_LANGUAGE_STANDARD = gnu17;
				GCC_NO_COMMON_BLOCKS = YES;
				GCC_WARN_64_TO_32_BIT_CONVERSION = YES;
				GCC_WARN_ABOUT_RETURN_TYPE = YES_ERROR;
				GCC_WARN_UNDECLARED_SELECTOR = YES;
				GCC_WARN_UNINITIALIZED_AUTOS = YES_AGGRESSIVE;
				GCC_WARN_UNUSED_FUNCTION = YES;
				GCC_WARN_UNUSED_VARIABLE = YES;
				LOCALIZATION_PREFERS_STRING_CATALOGS = YES;
				MTL_ENABLE_DEBUG_INFO = NO;
				MTL_FAST_MATH = YES;
				SWIFT_COMPILATION_MODE = wholemodule;
			};
			name = Release;
		};
		2B04DD4A2DB67DEE00A7D982 /* Debug */ = {
			isa = XCBuildConfiguration;
			buildSettings = {
				ASSETCATALOG_COMPILER_APPICON_NAME = AppIcon;
				ASSETCATALOG_COMPILER_GLOBAL_ACCENT_COLOR_NAME = AccentColor;
				CODE_SIGN_ENTITLEMENTS = "dashboard-gastos-pessoais-swiftui/dashboard_gastos_pessoais_swiftui.entitlements";
				CODE_SIGN_STYLE = Automatic;
				CURRENT_PROJECT_VERSION = 1;
				DEVELOPMENT_TEAM = 8495DH2L73;
				ENABLE_HARDENED_RUNTIME = YES;
				ENABLE_PREVIEWS = YES;
				GENERATE_INFOPLIST_FILE = YES;
				"INFOPLIST_KEY_UIApplicationSceneManifest_Generation[sdk=iphoneos*]" = YES;
				"INFOPLIST_KEY_UIApplicationSceneManifest_Generation[sdk=iphonesimulator*]" = YES;
				"INFOPLIST_KEY_UIApplicationSupportsIndirectInputEvents[sdk=iphoneos*]" = YES;
				"INFOPLIST_KEY_UIApplicationSupportsIndirectInputEvents[sdk=iphonesimulator*]" = YES;
				"INFOPLIST_KEY_UILaunchScreen_Generation[sdk=iphoneos*]" = YES;
				"INFOPLIST_KEY_UILaunchScreen_Generation[sdk=iphonesimulator*]" = YES;
				"INFOPLIST_KEY_UIStatusBarStyle[sdk=iphoneos*]" = UIStatusBarStyleDefault;
				"INFOPLIST_KEY_UIStatusBarStyle[sdk=iphonesimulator*]" = UIStatusBarStyleDefault;
				INFOPLIST_KEY_UISupportedInterfaceOrientations_iPad = "UIInterfaceOrientationPortrait UIInterfaceOrientationPortraitUpsideDown UIInterfaceOrientationLandscapeLeft UIInterfaceOrientationLandscapeRight";
				INFOPLIST_KEY_UISupportedInterfaceOrientations_iPhone = "UIInterfaceOrientationPortrait UIInterfaceOrientationLandscapeLeft UIInterfaceOrientationLandscapeRight";
				IPHONEOS_DEPLOYMENT_TARGET = 18.4;
				LD_RUNPATH_SEARCH_PATHS = "@executable_path/Frameworks";
				"LD_RUNPATH_SEARCH_PATHS[sdk=macosx*]" = "@executable_path/../Frameworks";
				MACOSX_DEPLOYMENT_TARGET = 15.3;
				MARKETING_VERSION = 1.0;
				PRODUCT_BUNDLE_IDENTIFIER = "fernandoschulz.dashboard-gastos-pessoais-swiftui";
				PRODUCT_NAME = "$(TARGET_NAME)";
				REGISTER_APP_GROUPS = YES;
				SDKROOT = auto;
				SUPPORTED_PLATFORMS = "iphoneos iphonesimulator macosx xros xrsimulator";
				SWIFT_EMIT_LOC_STRINGS = YES;
				SWIFT_VERSION = 5.0;
				TARGETED_DEVICE_FAMILY = "1,2,7";
				XROS_DEPLOYMENT_TARGET = 2.4;
			};
			name = Debug;
		};
		2B04DD4B2DB67DEE00A7D982 /* Release */ = {
			isa = XCBuildConfiguration;
			buildSettings = {
				ASSETCATALOG_COMPILER_APPICON_NAME = AppIcon;
				ASSETCATALOG_COMPILER_GLOBAL_ACCENT_COLOR_NAME = AccentColor;
				CODE_SIGN_ENTITLEMENTS = "dashboard-gastos-pessoais-swiftui/dashboard_gastos_pessoais_swiftui.entitlements";
				CODE_SIGN_STYLE = Automatic;
				CURRENT_PROJECT_VERSION = 1;
				DEVELOPMENT_TEAM = 8495DH2L73;
				ENABLE_HARDENED_RUNTIME = YES;
				ENABLE_PREVIEWS = YES;
				GENERATE_INFOPLIST_FILE = YES;
				"INFOPLIST_KEY_UIApplicationSceneManifest_Generation[sdk=iphoneos*]" = YES;
				"INFOPLIST_KEY_UIApplicationSceneManifest_Generation[sdk=iphonesimulator*]" = YES;
				"INFOPLIST_KEY_UIApplicationSupportsIndirectInputEvents[sdk=iphoneos*]" = YES;
				"INFOPLIST_KEY_UIApplicationSupportsIndirectInputEvents[sdk=iphonesimulator*]" = YES;
				"INFOPLIST_KEY_UILaunchScreen_Generation[sdk=iphoneos*]" = YES;
				"INFOPLIST_KEY_UILaunchScreen_Generation[sdk=iphonesimulator*]" = YES;
				"INFOPLIST_KEY_UIStatusBarStyle[sdk=iphoneos*]" = UIStatusBarStyleDefault;
				"INFOPLIST_KEY_UIStatusBarStyle[sdk=iphonesimulator*]" = UIStatusBarStyleDefault;
				INFOPLIST_KEY_UISupportedInterfaceOrientations_iPad = "UIInterfaceOrientationPortrait UIInterfaceOrientationPortraitUpsideDown UIInterfaceOrientationLandscapeLeft UIInterfaceOrientationLandscapeRight";
				INFOPLIST_KEY_UISupportedInterfaceOrientations_iPhone = "UIInterfaceOrientationPortrait UIInterfaceOrientationLandscapeLeft UIInterfaceOrientationLandscapeRight";
				IPHONEOS_DEPLOYMENT_TARGET = 18.4;
				LD_RUNPATH_SEARCH_PATHS = "@executable_path/Frameworks";
				"LD_RUNPATH_SEARCH_PATHS[sdk=macosx*]" = "@executable_path/../Frameworks";
				MACOSX_DEPLOYMENT_TARGET = 15.3;
				MARKETING_VERSION = 1.0;
				PRODUCT_BUNDLE_IDENTIFIER = "fernandoschulz.dashboard-gastos-pessoais-swiftui";
				PRODUCT_NAME = "$(TARGET_NAME)";
				REGISTER_APP_GROUPS = YES;
				SDKROOT = auto;
				SUPPORTED_PLATFORMS = "iphoneos iphonesimulator macosx xros xrsimulator";
				SWIFT_EMIT_LOC_STRINGS = YES;
				SWIFT_VERSION = 5.0;
				TARGETED_DEVICE_FAMILY = "1,2,7";
				XROS_DEPLOYMENT_TARGET = 2.4;
			};
			name = Release;
		};
		2B04DD4D2DB67DEE00A7D982 /* Debug */ = {
			isa = XCBuildConfiguration;
			buildSettings = {
				BUNDLE_LOADER = "$(TEST_HOST)";
				CODE_SIGN_STYLE = Automatic;
				CURRENT_PROJECT_VERSION = 1;
				DEVELOPMENT_TEAM = 8495DH2L73;
				GENERATE_INFOPLIST_FILE = YES;
				IPHONEOS_DEPLOYMENT_TARGET = 18.4;
				MACOSX_DEPLOYMENT_TARGET = 15.3;
				MARKETING_VERSION = 1.0;
				PRODUCT_BUNDLE_IDENTIFIER = "fernandoschulz.dashboard-gastos-pessoais-swiftuiTests";
				PRODUCT_NAME = "$(TARGET_NAME)";
				SDKROOT = auto;
				SUPPORTED_PLATFORMS = "iphoneos iphonesimulator macosx xros xrsimulator";
				SWIFT_EMIT_LOC_STRINGS = NO;
				SWIFT_VERSION = 5.0;
				TARGETED_DEVICE_FAMILY = "1,2,7";
				TEST_HOST = "$(BUILT_PRODUCTS_DIR)/dashboard-gastos-pessoais-swiftui.app/$(BUNDLE_EXECUTABLE_FOLDER_PATH)/dashboard-gastos-pessoais-swiftui";
				XROS_DEPLOYMENT_TARGET = 2.4;
			};
			name = Debug;
		};
		2B04DD4E2DB67DEE00A7D982 /* Release */ = {
			isa = XCBuildConfiguration;
			buildSettings = {
				BUNDLE_LOADER = "$(TEST_HOST)";
				CODE_SIGN_STYLE = Automatic;
				CURRENT_PROJECT_VERSION = 1;
				DEVELOPMENT_TEAM = 8495DH2L73;
				GENERATE_INFOPLIST_FILE = YES;
				IPHONEOS_DEPLOYMENT_TARGET = 18.4;
				MACOSX_DEPLOYMENT_TARGET = 15.3;
				MARKETING_VERSION = 1.0;
				PRODUCT_BUNDLE_IDENTIFIER = "fernandoschulz.dashboard-gastos-pessoais-swiftuiTests";
				PRODUCT_NAME = "$(TARGET_NAME)";
				SDKROOT = auto;
				SUPPORTED_PLATFORMS = "iphoneos iphonesimulator macosx xros xrsimulator";
				SWIFT_EMIT_LOC_STRINGS = NO;
				SWIFT_VERSION = 5.0;
				TARGETED_DEVICE_FAMILY = "1,2,7";
				TEST_HOST = "$(BUILT_PRODUCTS_DIR)/dashboard-gastos-pessoais-swiftui.app/$(BUNDLE_EXECUTABLE_FOLDER_PATH)/dashboard-gastos-pessoais-swiftui";
				XROS_DEPLOYMENT_TARGET = 2.4;
			};
			name = Release;
		};
		2B04DD502DB67DEE00A7D982 /* Debug */ = {
			isa = XCBuildConfiguration;
			buildSettings = {
				CODE_SIGN_STYLE = Automatic;
				CURRENT_PROJECT_VERSION = 1;
				DEVELOPMENT_TEAM = 8495DH2L73;
				GENERATE_INFOPLIST_FILE = YES;
				IPHONEOS_DEPLOYMENT_TARGET = 18.4;
				MACOSX_DEPLOYMENT_TARGET = 15.3;
				MARKETING_VERSION = 1.0;
				PRODUCT_BUNDLE_IDENTIFIER = "fernandoschulz.dashboard-gastos-pessoais-swiftuiUITests";
				PRODUCT_NAME = "$(TARGET_NAME)";
				SDKROOT = auto;
				SUPPORTED_PLATFORMS = "iphoneos iphonesimulator macosx xros xrsimulator";
				SWIFT_EMIT_LOC_STRINGS = NO;
				SWIFT_VERSION = 5.0;
				TARGETED_DEVICE_FAMILY = "1,2,7";
				TEST_TARGET_NAME = "dashboard-gastos-pessoais-swiftui";
				XROS_DEPLOYMENT_TARGET = 2.4;
			};
			name = Debug;
		};
		2B04DD512DB67DEE00A7D982 /* Release */ = {
			isa = XCBuildConfiguration;
			buildSettings = {
				CODE_SIGN_STYLE = Automatic;
				CURRENT_PROJECT_VERSION = 1;
				DEVELOPMENT_TEAM = 8495DH2L73;
				GENERATE_INFOPLIST_FILE = YES;
				IPHONEOS_DEPLOYMENT_TARGET = 18.4;
				MACOSX_DEPLOYMENT_TARGET = 15.3;
				MARKETING_VERSION = 1.0;
				PRODUCT_BUNDLE_IDENTIFIER = "fernandoschulz.dashboard-gastos-pessoais-swiftuiUITests";
				PRODUCT_NAME = "$(TARGET_NAME)";
				SDKROOT = auto;
				SUPPORTED_PLATFORMS = "iphoneos iphonesimulator macosx xros xrsimulator";
				SWIFT_EMIT_LOC_STRINGS = NO;
				SWIFT_VERSION = 5.0;
				TARGETED_DEVICE_FAMILY = "1,2,7";
				TEST_TARGET_NAME = "dashboard-gastos-pessoais-swiftui";
				XROS_DEPLOYMENT_TARGET = 2.4;
			};
			name = Release;
		};
/* End XCBuildConfiguration section */

/* Begin XCConfigurationList section */
		2B04DD222DB67DED00A7D982 /* Build configuration list for PBXProject "dashboard-gastos-pessoais-swiftui" */ = {
			isa = XCConfigurationList;
			buildConfigurations = (
				2B04DD472DB67DEE00A7D982 /* Debug */,
				2B04DD482DB67DEE00A7D982 /* Release */,
			);
			defaultConfigurationIsVisible = 0;
			defaultConfigurationName = Release;
		};
		2B04DD492DB67DEE00A7D982 /* Build configuration list for PBXNativeTarget "dashboard-gastos-pessoais-swiftui" */ = {
			isa = XCConfigurationList;
			buildConfigurations = (
				2B04DD4A2DB67DEE00A7D982 /* Debug */,
				2B04DD4B2DB67DEE00A7D982 /* Release */,
			);
			defaultConfigurationIsVisible = 0;
			defaultConfigurationName = Release;
		};
		2B04DD4C2DB67DEE00A7D982 /* Build configuration list for PBXNativeTarget "dashboard-gastos-pessoais-swiftuiTests" */ = {
			isa = XCConfigurationList;
			buildConfigurations = (
				2B04DD4D2DB67DEE00A7D982 /* Debug */,
				2B04DD4E2DB67DEE00A7D982 /* Release */,
			);
			defaultConfigurationIsVisible = 0;
			defaultConfigurationName = Release;
		};
		2B04DD4F2DB67DEE00A7D982 /* Build configuration list for PBXNativeTarget "dashboard-gastos-pessoais-swiftuiUITests" */ = {
			isa = XCConfigurationList;
			buildConfigurations = (
				2B04DD502DB67DEE00A7D982 /* Debug */,
				2B04DD512DB67DEE00A7D982 /* Release */,
			);
			defaultConfigurationIsVisible = 0;
			defaultConfigurationName = Release;
		};
/* End XCConfigurationList section */
	};
	rootObject = 2B04DD1F2DB67DED00A7D982 /* Project object */;
}
